
Microsoft Visual Studio Solution File, Format Version 12.00
# Visual Studio Version 17
VisualStudioVersion = 17.13.35825.156 d17.13
MinimumVisualStudioVersion = 10.0.40219.1
Project("{FAE04EC0-301F-11D3-BF4B-00C04F79EFBC}") = "PlantAppMAUI", "PlantAppMAUI.csproj", "{8B60C918-DE86-4A46-96BE-F042B3B6488D}"
EndProject
Global
	GlobalSection(SolutionConfigurationPlatforms) = preSolution
		Debug|Any CPU = Debug|Any CPU
		Release|Any CPU = Release|Any CPU
	EndGlobalSection
	GlobalSection(ProjectConfigurationPlatforms) = postSolution
		{8B60C918-DE86-4A46-96BE-F042B3B6488D}.Debug|Any CPU.ActiveCfg = Debug|Any CPU
		{8B60C918-DE86-4A46-96BE-F042B3B6488D}.Debug|Any CPU.Build.0 = Debug|Any CPU
		{8B60C918-DE86-4A46-96BE-F042B3B6488D}.Debug|Any CPU.Deploy.0 = Debug|Any CPU
		{8B60C918-DE86-4A46-96BE-F042B3B6488D}.Release|Any CPU.ActiveCfg = Release|Any CPU
		{8B60C918-DE86-4A46-96BE-F042B3B6488D}.Release|Any CPU.Build.0 = Release|Any CPU
		{8B60C918-DE86-4A46-96BE-F042B3B6488D}.Release|Any CPU.Deploy.0 = Release|Any CPU
	EndGlobalSection
	GlobalSection(SolutionProperties) = preSolution
		HideSolutionNode = FALSE
	EndGlobalSection
	GlobalSection(ExtensibilityGlobals) = postSolution
		SolutionGuid = {687EB587-8607-4BA8-ABF8-7F558EC69B73}
	EndGlobalSection
EndGlobal
